
Microsoft Visual Studio Solution File, Format Version 12.00
# Visual Studio 15
VisualStudioVersion = 15.0.26124.0
MinimumVisualStudioVersion = 15.0.26124.0
Project("{2150E333-8FDC-42A3-9474-1A3956D46DE8}") = ".paket", ".paket", "{FEC290FA-7513-4BDC-9FCF-3F35CD8F9EE3}"
	ProjectSection(SolutionItems) = preProject
		paket.dependencies = paket.dependencies
	EndProjectSection
EndProject
Project("{2150E333-8FDC-42A3-9474-1A3956D46DE8}") = "build", "build", "{C13BF34C-8BB3-4C54-8ABE-4B25653EE7FC}"
	ProjectSection(SolutionItems) = preProject
		build.bat = build.bat
		paket.dependencies = paket.dependencies
		paket.lock = paket.lock
	EndProjectSection
EndProject
Project("{6EC3EE1D-3C4E-46DD-8F32-0CC8E7565705}") = "bottleneck", "bottleneck\bottleneck.fsproj", "{ABF94CFA-1C58-4222-BDC1-BD784D6D0868}"
EndProject
Project("{6EC3EE1D-3C4E-46DD-8F32-0CC8E7565705}") = "dispatcher", "dispatcher\dispatcher.fsproj", "{3818E60A-9ADE-4D60-A4D4-D1263E396C51}"
EndProject
Project("{F2A71F9B-5D33-465A-A702-920D77279786}") = "runner", "runner\runner.fsproj", "{A8084BA9-31E9-44B7-B342-78CFBF9048A9}"
EndProject
Global
	GlobalSection(SolutionConfigurationPlatforms) = preSolution
		Debug|Any CPU = Debug|Any CPU
		Release|Any CPU = Release|Any CPU
	EndGlobalSection
	GlobalSection(ProjectConfigurationPlatforms) = postSolution
		{ABF94CFA-1C58-4222-BDC1-BD784D6D0868}.Debug|Any CPU.ActiveCfg = Debug|Any CPU
		{ABF94CFA-1C58-4222-BDC1-BD784D6D0868}.Debug|Any CPU.Build.0 = Debug|Any CPU
		{ABF94CFA-1C58-4222-BDC1-BD784D6D0868}.Release|Any CPU.ActiveCfg = Release|Any CPU
		{ABF94CFA-1C58-4222-BDC1-BD784D6D0868}.Release|Any CPU.Build.0 = Release|Any CPU
		{3818E60A-9ADE-4D60-A4D4-D1263E396C51}.Debug|Any CPU.ActiveCfg = Debug|Any CPU
		{3818E60A-9ADE-4D60-A4D4-D1263E396C51}.Debug|Any CPU.Build.0 = Debug|Any CPU
		{3818E60A-9ADE-4D60-A4D4-D1263E396C51}.Release|Any CPU.ActiveCfg = Release|Any CPU
		{3818E60A-9ADE-4D60-A4D4-D1263E396C51}.Release|Any CPU.Build.0 = Release|Any CPU
		{A8084BA9-31E9-44B7-B342-78CFBF9048A9}.Debug|Any CPU.ActiveCfg = Debug|Any CPU
		{A8084BA9-31E9-44B7-B342-78CFBF9048A9}.Debug|Any CPU.Build.0 = Debug|Any CPU
		{A8084BA9-31E9-44B7-B342-78CFBF9048A9}.Release|Any CPU.ActiveCfg = Release|Any CPU
		{A8084BA9-31E9-44B7-B342-78CFBF9048A9}.Release|Any CPU.Build.0 = Release|Any CPU
	EndGlobalSection
	GlobalSection(SolutionProperties) = preSolution
		HideSolutionNode = FALSE
	EndGlobalSection
	GlobalSection(ExtensibilityGlobals) = postSolution
		SolutionGuid = {FEB8CC9F-CC30-41A2-9F74-083A89CF46A6}
	EndGlobalSection
EndGlobal
